
Microsoft Visual Studio Solution File, Format Version 12.00
# Visual Studio 15
VisualStudioVersion = 15.0.28307.902
MinimumVisualStudioVersion = 10.0.40219.1
Project("{9A19103F-16F7-4668-BE54-9A1E7A4F7556}") = "Chess.Domain", "src\Chess.Domain\Chess.Domain.csproj", "{4F5FF095-BEB7-4CC2-804E-EC29D1C9D11B}"
EndProject
Project("{2150E333-8FDC-42A3-9474-1A3956D46DE8}") = "Core", "Core", "{41E52AFA-FA0B-4FA5-8950-A53EE8C7D7FC}"
EndProject
Project("{2150E333-8FDC-42A3-9474-1A3956D46DE8}") = "tests", "tests", "{D367669E-99C4-4813-AD91-3410D733AC87}"
EndProject
Project("{9A19103F-16F7-4668-BE54-9A1E7A4F7556}") = "Chess.Domain.Tests", "tests\Chess.Domain.Tests\Chess.Domain.Tests.csproj", "{BA51A296-E7CD-45C7-AEBA-49179AD0CC87}"
EndProject
Project("{2150E333-8FDC-42A3-9474-1A3956D46DE8}") = "Application", "Application", "{FC3F9CCB-371D-4725-A1E4-D6C65144DD8A}"
EndProject
Project("{FAE04EC0-301F-11D3-BF4B-00C04F79EFBC}") = "Chess.Application", "src\Chess.Application\Chess.Application.csproj", "{13BC2C19-DA80-4B07-A870-4054DDB96B99}"
EndProject
Project("{FAE04EC0-301F-11D3-BF4B-00C04F79EFBC}") = "Chess.Application.Tests", "tests\Chess.Application.Tests\Chess.Application.Tests.csproj", "{401A98AF-F3ED-4E78-ABD7-373BC549F8B2}"
EndProject
Project("{2150E333-8FDC-42A3-9474-1A3956D46DE8}") = "Console", "Console", "{C401BC86-EF08-4F80-8D46-0E018F813834}"
EndProject
Project("{FAE04EC0-301F-11D3-BF4B-00C04F79EFBC}") = "Chess.Console", "src\Chess.Console\Chess.Console.csproj", "{4FAC80EE-6B02-4171-8DCA-4D7DB3266693}"
EndProject
Global
	GlobalSection(SolutionConfigurationPlatforms) = preSolution
		Debug|Any CPU = Debug|Any CPU
		Release|Any CPU = Release|Any CPU
	EndGlobalSection
	GlobalSection(ProjectConfigurationPlatforms) = postSolution
		{4F5FF095-BEB7-4CC2-804E-EC29D1C9D11B}.Debug|Any CPU.ActiveCfg = Debug|Any CPU
		{4F5FF095-BEB7-4CC2-804E-EC29D1C9D11B}.Debug|Any CPU.Build.0 = Debug|Any CPU
		{4F5FF095-BEB7-4CC2-804E-EC29D1C9D11B}.Release|Any CPU.ActiveCfg = Release|Any CPU
		{4F5FF095-BEB7-4CC2-804E-EC29D1C9D11B}.Release|Any CPU.Build.0 = Release|Any CPU
		{BA51A296-E7CD-45C7-AEBA-49179AD0CC87}.Debug|Any CPU.ActiveCfg = Debug|Any CPU
		{BA51A296-E7CD-45C7-AEBA-49179AD0CC87}.Debug|Any CPU.Build.0 = Debug|Any CPU
		{BA51A296-E7CD-45C7-AEBA-49179AD0CC87}.Release|Any CPU.ActiveCfg = Release|Any CPU
		{BA51A296-E7CD-45C7-AEBA-49179AD0CC87}.Release|Any CPU.Build.0 = Release|Any CPU
		{13BC2C19-DA80-4B07-A870-4054DDB96B99}.Debug|Any CPU.ActiveCfg = Debug|Any CPU
		{13BC2C19-DA80-4B07-A870-4054DDB96B99}.Debug|Any CPU.Build.0 = Debug|Any CPU
		{13BC2C19-DA80-4B07-A870-4054DDB96B99}.Release|Any CPU.ActiveCfg = Release|Any CPU
		{13BC2C19-DA80-4B07-A870-4054DDB96B99}.Release|Any CPU.Build.0 = Release|Any CPU
		{401A98AF-F3ED-4E78-ABD7-373BC549F8B2}.Debug|Any CPU.ActiveCfg = Debug|Any CPU
		{401A98AF-F3ED-4E78-ABD7-373BC549F8B2}.Debug|Any CPU.Build.0 = Debug|Any CPU
		{401A98AF-F3ED-4E78-ABD7-373BC549F8B2}.Release|Any CPU.ActiveCfg = Release|Any CPU
		{401A98AF-F3ED-4E78-ABD7-373BC549F8B2}.Release|Any CPU.Build.0 = Release|Any CPU
		{4FAC80EE-6B02-4171-8DCA-4D7DB3266693}.Debug|Any CPU.ActiveCfg = Debug|Any CPU
		{4FAC80EE-6B02-4171-8DCA-4D7DB3266693}.Debug|Any CPU.Build.0 = Debug|Any CPU
		{4FAC80EE-6B02-4171-8DCA-4D7DB3266693}.Release|Any CPU.ActiveCfg = Release|Any CPU
		{4FAC80EE-6B02-4171-8DCA-4D7DB3266693}.Release|Any CPU.Build.0 = Release|Any CPU
	EndGlobalSection
	GlobalSection(SolutionProperties) = preSolution
		HideSolutionNode = FALSE
	EndGlobalSection
	GlobalSection(NestedProjects) = preSolution
		{4F5FF095-BEB7-4CC2-804E-EC29D1C9D11B} = {41E52AFA-FA0B-4FA5-8950-A53EE8C7D7FC}
		{BA51A296-E7CD-45C7-AEBA-49179AD0CC87} = {D367669E-99C4-4813-AD91-3410D733AC87}
		{13BC2C19-DA80-4B07-A870-4054DDB96B99} = {FC3F9CCB-371D-4725-A1E4-D6C65144DD8A}
		{401A98AF-F3ED-4E78-ABD7-373BC549F8B2} = {D367669E-99C4-4813-AD91-3410D733AC87}
		{4FAC80EE-6B02-4171-8DCA-4D7DB3266693} = {C401BC86-EF08-4F80-8D46-0E018F813834}
	EndGlobalSection
	GlobalSection(ExtensibilityGlobals) = postSolution
		SolutionGuid = {93C2D001-DBF0-4C02-930C-7BC06FE46814}
	EndGlobalSection
EndGlobal
